
Microsoft Visual Studio Solution File, Format Version 12.00
# Visual Studio Version 17
VisualStudioVersion = 17.5.33516.290
MinimumVisualStudioVersion = 10.0.40219.1
Project("{FAE04EC0-301F-11D3-BF4B-00C04F79EFBC}") = "Hw4", "Hw4\Hw4.csproj", "{12CDB96C-3042-47AA-B598-1F0C2C3D3A33}"
EndProject
Global
	GlobalSection(SolutionConfigurationPlatforms) = preSolution
		Debug|Any CPU = Debug|Any CPU
		Release|Any CPU = Release|Any CPU
	EndGlobalSection
	GlobalSection(ProjectConfigurationPlatforms) = postSolution
		{12CDB96C-3042-47AA-B598-1F0C2C3D3A33}.Debug|Any CPU.ActiveCfg = Debug|Any CPU
		{12CDB96C-3042-47AA-B598-1F0C2C3D3A33}.Debug|Any CPU.Build.0 = Debug|Any CPU
		{12CDB96C-3042-47AA-B598-1F0C2C3D3A33}.Release|Any CPU.ActiveCfg = Release|Any CPU
		{12CDB96C-3042-47AA-B598-1F0C2C3D3A33}.Release|Any CPU.Build.0 = Release|Any CPU
	EndGlobalSection
	GlobalSection(SolutionProperties) = preSolution
		HideSolutionNode = FALSE
	EndGlobalSection
	GlobalSection(ExtensibilityGlobals) = postSolution
		SolutionGuid = {3FAB26C5-E098-4629-AF0B-71C519BB095B}
	EndGlobalSection
EndGlobal
